
Microsoft Visual Studio Solution File, Format Version 12.00
# Visual Studio Version 17
VisualStudioVersion = 17.2.32616.157
MinimumVisualStudioVersion = 10.0.40219.1
Project("{FAE04EC0-301F-11D3-BF4B-00C04F79EFBC}") = "SharedModels", "SharedModels\SharedModels.csproj", "{32791EED-3D16-41C4-80F6-68B513FAA5B0}"
EndProject
Global
	GlobalSection(SolutionConfigurationPlatforms) = preSolution
		Debug|Any CPU = Debug|Any CPU
		Release|Any CPU = Release|Any CPU
	EndGlobalSection
	GlobalSection(ProjectConfigurationPlatforms) = postSolution
		{32791EED-3D16-41C4-80F6-68B513FAA5B0}.Debug|Any CPU.ActiveCfg = Debug|Any CPU
		{32791EED-3D16-41C4-80F6-68B513FAA5B0}.Debug|Any CPU.Build.0 = Debug|Any CPU
		{32791EED-3D16-41C4-80F6-68B513FAA5B0}.Release|Any CPU.ActiveCfg = Release|Any CPU
		{32791EED-3D16-41C4-80F6-68B513FAA5B0}.Release|Any CPU.Build.0 = Release|Any CPU
	EndGlobalSection
	GlobalSection(SolutionProperties) = preSolution
		HideSolutionNode = FALSE
	EndGlobalSection
	GlobalSection(ExtensibilityGlobals) = postSolution
		SolutionGuid = {CB9E69B1-3894-48DC-BE25-702220EAC04A}
	EndGlobalSection
EndGlobal
